
Microsoft Visual Studio Solution File, Format Version 12.00
# Visual Studio Version 17
VisualStudioVersion = 17.7.34024.191
MinimumVisualStudioVersion = 10.0.40219.1
Project("{FAE04EC0-301F-11D3-BF4B-00C04F79EFBC}") = "csharp-cibi-preferiti", "csharp-cibi-preferiti\csharp-cibi-preferiti.csproj", "{DD636D66-13E6-4E05-A20C-C1037A4A1F3D}"
EndProject
Global
	GlobalSection(SolutionConfigurationPlatforms) = preSolution
		Debug|Any CPU = Debug|Any CPU
		Release|Any CPU = Release|Any CPU
	EndGlobalSection
	GlobalSection(ProjectConfigurationPlatforms) = postSolution
		{DD636D66-13E6-4E05-A20C-C1037A4A1F3D}.Debug|Any CPU.ActiveCfg = Debug|Any CPU
		{DD636D66-13E6-4E05-A20C-C1037A4A1F3D}.Debug|Any CPU.Build.0 = Debug|Any CPU
		{DD636D66-13E6-4E05-A20C-C1037A4A1F3D}.Release|Any CPU.ActiveCfg = Release|Any CPU
		{DD636D66-13E6-4E05-A20C-C1037A4A1F3D}.Release|Any CPU.Build.0 = Release|Any CPU
	EndGlobalSection
	GlobalSection(SolutionProperties) = preSolution
		HideSolutionNode = FALSE
	EndGlobalSection
	GlobalSection(ExtensibilityGlobals) = postSolution
		SolutionGuid = {C7C8B256-A0D2-4C38-A71E-ECF264E5CDA2}
	EndGlobalSection
EndGlobal
